{
  "name": "num to str",
  "lockfileVersion": 3,
  "requires": true,
  "packages": {
    "": {
      "dependencies": {
        "rubles": "^0.2.0"
      }
    },
    "node_modules/rubles": {
      "version": "0.2.0",
      "resolved": "https://registry.npmjs.org/rubles/-/rubles-0.2.0.tgz",
      "integrity": "sha512-g2B0VQ7V7vg5xDvtHnqtSiv+sL//XaBEVwEkUXlPLZACtJ6fNiWb+jmVjwVkuYsg3X+2aPKbO+fasnH+Fn7sMQ==",
      "engines": {
        "node": "^0.12.7"
      }
    }
  }
}
